
Microsoft Visual Studio Solution File, Format Version 12.00
# Visual Studio Version 16
VisualStudioVersion = 16.0.30309.148
MinimumVisualStudioVersion = 10.0.40219.1
Project("{FAE04EC0-301F-11D3-BF4B-00C04F79EFBC}") = "Ey_hack", "Ey_hack.csproj", "{CC92BFDE-EB59-4B79-BC00-15827FA94E6A}"
EndProject
Global
	GlobalSection(SolutionConfigurationPlatforms) = preSolution
		Debug|Any CPU = Debug|Any CPU
		Release|Any CPU = Release|Any CPU
	EndGlobalSection
	GlobalSection(ProjectConfigurationPlatforms) = postSolution
		{CC92BFDE-EB59-4B79-BC00-15827FA94E6A}.Debug|Any CPU.ActiveCfg = Debug|Any CPU
		{CC92BFDE-EB59-4B79-BC00-15827FA94E6A}.Debug|Any CPU.Build.0 = Debug|Any CPU
		{CC92BFDE-EB59-4B79-BC00-15827FA94E6A}.Release|Any CPU.ActiveCfg = Release|Any CPU
		{CC92BFDE-EB59-4B79-BC00-15827FA94E6A}.Release|Any CPU.Build.0 = Release|Any CPU
	EndGlobalSection
	GlobalSection(SolutionProperties) = preSolution
		HideSolutionNode = FALSE
	EndGlobalSection
	GlobalSection(ExtensibilityGlobals) = postSolution
		SolutionGuid = {3FE34185-15AE-495E-A605-44DC3F99F629}
	EndGlobalSection
EndGlobal
